
Microsoft Visual Studio Solution File, Format Version 12.00
# Visual Studio Version 17
VisualStudioVersion = 17.13.35806.99
MinimumVisualStudioVersion = 10.0.40219.1
Project("{FAE04EC0-301F-11D3-BF4B-00C04F79EFBC}") = "Concatenacion", "Concatenacion\Concatenacion.csproj", "{4CF66177-5CFB-4A62-B0F1-AD3E43D48938}"
EndProject
Project("{FAE04EC0-301F-11D3-BF4B-00C04F79EFBC}") = "Arreglos", "Arreglos\Arreglos.csproj", "{06D7F15A-51C0-4D10-BF49-326CFD0A70EE}"
EndProject
Global
	GlobalSection(SolutionConfigurationPlatforms) = preSolution
		Debug|Any CPU = Debug|Any CPU
		Release|Any CPU = Release|Any CPU
	EndGlobalSection
	GlobalSection(ProjectConfigurationPlatforms) = postSolution
		{4CF66177-5CFB-4A62-B0F1-AD3E43D48938}.Debug|Any CPU.ActiveCfg = Debug|Any CPU
		{4CF66177-5CFB-4A62-B0F1-AD3E43D48938}.Debug|Any CPU.Build.0 = Debug|Any CPU
		{4CF66177-5CFB-4A62-B0F1-AD3E43D48938}.Release|Any CPU.ActiveCfg = Release|Any CPU
		{4CF66177-5CFB-4A62-B0F1-AD3E43D48938}.Release|Any CPU.Build.0 = Release|Any CPU
		{06D7F15A-51C0-4D10-BF49-326CFD0A70EE}.Debug|Any CPU.ActiveCfg = Debug|Any CPU
		{06D7F15A-51C0-4D10-BF49-326CFD0A70EE}.Debug|Any CPU.Build.0 = Debug|Any CPU
		{06D7F15A-51C0-4D10-BF49-326CFD0A70EE}.Release|Any CPU.ActiveCfg = Release|Any CPU
		{06D7F15A-51C0-4D10-BF49-326CFD0A70EE}.Release|Any CPU.Build.0 = Release|Any CPU
	EndGlobalSection
	GlobalSection(SolutionProperties) = preSolution
		HideSolutionNode = FALSE
	EndGlobalSection
	GlobalSection(ExtensibilityGlobals) = postSolution
		SolutionGuid = {A9A98B33-5AB3-41A3-B455-89AFECE1747A}
	EndGlobalSection
EndGlobal
